
Microsoft Visual Studio Solution File, Format Version 12.00
# Visual Studio 2012
Project("{FAE04EC0-301F-11D3-BF4B-00C04F79EFBC}") = "EHR.CoreShared", "EHR.CoreShared.csproj", "{4E142F2F-1230-4D2E-AFCA-F109C7652668}"
EndProject
Project("{2150E333-8FDC-42A3-9474-1A3956D46DE8}") = ".nuget", ".nuget", "{0E3DC088-0609-4A45-A37E-1F3B6530EBF1}"
	ProjectSection(SolutionItems) = preProject
		.nuget\NuGet.Config = .nuget\NuGet.Config
		.nuget\NuGet.exe = .nuget\NuGet.exe
		.nuget\NuGet.targets = .nuget\NuGet.targets
	EndProjectSection
EndProject
Global
	GlobalSection(SolutionConfigurationPlatforms) = preSolution
		Debug|Any CPU = Debug|Any CPU
		Release|Any CPU = Release|Any CPU
	EndGlobalSection
	GlobalSection(ProjectConfigurationPlatforms) = postSolution
		{4E142F2F-1230-4D2E-AFCA-F109C7652668}.Debug|Any CPU.ActiveCfg = Debug|Any CPU
		{4E142F2F-1230-4D2E-AFCA-F109C7652668}.Debug|Any CPU.Build.0 = Debug|Any CPU
		{4E142F2F-1230-4D2E-AFCA-F109C7652668}.Release|Any CPU.ActiveCfg = Release|Any CPU
		{4E142F2F-1230-4D2E-AFCA-F109C7652668}.Release|Any CPU.Build.0 = Release|Any CPU
	EndGlobalSection
	GlobalSection(SolutionProperties) = preSolution
		HideSolutionNode = FALSE
	EndGlobalSection
EndGlobal
